
Microsoft Visual Studio Solution File, Format Version 12.00
# Visual Studio 2012
Project("{f2a71f9b-5d33-465a-a702-920d77279786}") = "SlotsApp.iOS", "SlotMachine\SlotsApp.iOS.fsproj", "{2DAC9829-8C53-4B4D-96B1-4F91918B4F64}"
EndProject
Project("{f2a71f9b-5d33-465a-a702-920d77279786}") = "Slots.iOS", "Slots.iOS\Slots.iOS.fsproj", "{574E9D43-7965-4832-9F0D-F971F54DB492}"
EndProject
Global
	GlobalSection(SolutionConfigurationPlatforms) = preSolution
		Debug|x86 = Debug|x86
		Release|x86 = Release|x86
		Debug|iPhoneSimulator = Debug|iPhoneSimulator
		Release|iPhone = Release|iPhone
		Release|iPhoneSimulator = Release|iPhoneSimulator
		Debug|iPhone = Debug|iPhone
	EndGlobalSection
	GlobalSection(ProjectConfigurationPlatforms) = postSolution
		{2DAC9829-8C53-4B4D-96B1-4F91918B4F64}.Debug|iPhone.ActiveCfg = Debug|iPhone
		{2DAC9829-8C53-4B4D-96B1-4F91918B4F64}.Debug|iPhone.Build.0 = Debug|iPhone
		{2DAC9829-8C53-4B4D-96B1-4F91918B4F64}.Debug|iPhoneSimulator.ActiveCfg = Debug|iPhoneSimulator
		{2DAC9829-8C53-4B4D-96B1-4F91918B4F64}.Debug|iPhoneSimulator.Build.0 = Debug|iPhoneSimulator
		{2DAC9829-8C53-4B4D-96B1-4F91918B4F64}.Debug|x86.ActiveCfg = Debug|iPhoneSimulator
		{2DAC9829-8C53-4B4D-96B1-4F91918B4F64}.Debug|x86.Build.0 = Debug|iPhoneSimulator
		{2DAC9829-8C53-4B4D-96B1-4F91918B4F64}.Release|iPhone.ActiveCfg = Release|iPhone
		{2DAC9829-8C53-4B4D-96B1-4F91918B4F64}.Release|iPhone.Build.0 = Release|iPhone
		{2DAC9829-8C53-4B4D-96B1-4F91918B4F64}.Release|iPhoneSimulator.ActiveCfg = Release|iPhoneSimulator
		{2DAC9829-8C53-4B4D-96B1-4F91918B4F64}.Release|iPhoneSimulator.Build.0 = Release|iPhoneSimulator
		{2DAC9829-8C53-4B4D-96B1-4F91918B4F64}.Release|x86.ActiveCfg = Release|iPhone
		{2DAC9829-8C53-4B4D-96B1-4F91918B4F64}.Release|x86.Build.0 = Release|iPhone
		{574E9D43-7965-4832-9F0D-F971F54DB492}.Debug|iPhone.ActiveCfg = Debug|Any CPU
		{574E9D43-7965-4832-9F0D-F971F54DB492}.Debug|iPhone.Build.0 = Debug|Any CPU
		{574E9D43-7965-4832-9F0D-F971F54DB492}.Debug|iPhoneSimulator.ActiveCfg = Debug|Any CPU
		{574E9D43-7965-4832-9F0D-F971F54DB492}.Debug|iPhoneSimulator.Build.0 = Debug|Any CPU
		{574E9D43-7965-4832-9F0D-F971F54DB492}.Debug|x86.ActiveCfg = Debug|Any CPU
		{574E9D43-7965-4832-9F0D-F971F54DB492}.Debug|x86.Build.0 = Debug|Any CPU
		{574E9D43-7965-4832-9F0D-F971F54DB492}.Release|iPhone.ActiveCfg = Release|Any CPU
		{574E9D43-7965-4832-9F0D-F971F54DB492}.Release|iPhone.Build.0 = Release|Any CPU
		{574E9D43-7965-4832-9F0D-F971F54DB492}.Release|iPhoneSimulator.ActiveCfg = Release|Any CPU
		{574E9D43-7965-4832-9F0D-F971F54DB492}.Release|iPhoneSimulator.Build.0 = Release|Any CPU
		{574E9D43-7965-4832-9F0D-F971F54DB492}.Release|x86.ActiveCfg = Release|Any CPU
		{574E9D43-7965-4832-9F0D-F971F54DB492}.Release|x86.Build.0 = Release|Any CPU
	EndGlobalSection
EndGlobal
